
Microsoft Visual Studio Solution File, Format Version 12.00
# Visual Studio Version 17
VisualStudioVersion = 17.3.32922.545
MinimumVisualStudioVersion = 10.0.40219.1
Project("{FAE04EC0-301F-11D3-BF4B-00C04F79EFBC}") = "ApInfo", "ApInfo.csproj", "{4F2FD104-EBA0-4E02-BF16-2610DE77CE7C}"
EndProject
Global
	GlobalSection(SolutionConfigurationPlatforms) = preSolution
		Debug|Any CPU = Debug|Any CPU
		Release|Any CPU = Release|Any CPU
	EndGlobalSection
	GlobalSection(ProjectConfigurationPlatforms) = postSolution
		{4F2FD104-EBA0-4E02-BF16-2610DE77CE7C}.Debug|Any CPU.ActiveCfg = Debug|Any CPU
		{4F2FD104-EBA0-4E02-BF16-2610DE77CE7C}.Debug|Any CPU.Build.0 = Debug|Any CPU
		{4F2FD104-EBA0-4E02-BF16-2610DE77CE7C}.Release|Any CPU.ActiveCfg = Release|Any CPU
		{4F2FD104-EBA0-4E02-BF16-2610DE77CE7C}.Release|Any CPU.Build.0 = Release|Any CPU
	EndGlobalSection
	GlobalSection(SolutionProperties) = preSolution
		HideSolutionNode = FALSE
	EndGlobalSection
	GlobalSection(ExtensibilityGlobals) = postSolution
		SolutionGuid = {06670739-5202-4018-92C9-5600802A48D9}
	EndGlobalSection
EndGlobal
